// !$*UTF8*$!
{
	archiveVersion = 1;
	classes = {
	};
	objectVersion = 55;
	objects = {

/* Begin PBXBuildFile section */
		8B62A4852831494600FCDE53 /* Tests_iOS.swift in Sources */ = {isa = PBXBuildFile; fileRef = 8B62A4842831494600FCDE53 /* Tests_iOS.swift */; };
		8B62A4872831494600FCDE53 /* Tests_iOSLaunchTests.swift in Sources */ = {isa = PBXBuildFile; fileRef = 8B62A4862831494600FCDE53 /* Tests_iOSLaunchTests.swift */; };
		8B62A4912831494600FCDE53 /* Tests_macOS.swift in Sources */ = {isa = PBXBuildFile; fileRef = 8B62A4902831494600FCDE53 /* Tests_macOS.swift */; };
		8B62A4932831494600FCDE53 /* Tests_macOSLaunchTests.swift in Sources */ = {isa = PBXBuildFile; fileRef = 8B62A4922831494600FCDE53 /* Tests_macOSLaunchTests.swift */; };
		8B62A4942831494600FCDE53 /* HabitTracker.xcdatamodeld in Sources */ = {isa = PBXBuildFile; fileRef = 8B62A4692831494500FCDE53 /* HabitTracker.xcdatamodeld */; };
		8B62A4952831494600FCDE53 /* HabitTracker.xcdatamodeld in Sources */ = {isa = PBXBuildFile; fileRef = 8B62A4692831494500FCDE53 /* HabitTracker.xcdatamodeld */; };
		8B62A4962831494600FCDE53 /* HabitTrackerApp.swift in Sources */ = {isa = PBXBuildFile; fileRef = 8B62A46B2831494500FCDE53 /* HabitTrackerApp.swift */; };
		8B62A4972831494600FCDE53 /* HabitTrackerApp.swift in Sources */ = {isa = PBXBuildFile; fileRef = 8B62A46B2831494500FCDE53 /* HabitTrackerApp.swift */; };
		8B62A4982831494600FCDE53 /* ContentView.swift in Sources */ = {isa = PBXBuildFile; fileRef = 8B62A46C2831494500FCDE53 /* ContentView.swift */; };
		8B62A4992831494600FCDE53 /* ContentView.swift in Sources */ = {isa = PBXBuildFile; fileRef = 8B62A46C2831494500FCDE53 /* ContentView.swift */; };
		8B62A49A2831494600FCDE53 /* Persistence.swift in Sources */ = {isa = PBXBuildFile; fileRef = 8B62A46D2831494500FCDE53 /* Persistence.swift */; };
		8B62A49B2831494600FCDE53 /* Persistence.swift in Sources */ = {isa = PBXBuildFile; fileRef = 8B62A46D2831494500FCDE53 /* Persistence.swift */; };
		8B62A49C2831494600FCDE53 /* Assets.xcassets in Resources */ = {isa = PBXBuildFile; fileRef = 8B62A46E2831494600FCDE53 /* Assets.xcassets */; };
		8B62A49D2831494600FCDE53 /* Assets.xcassets in Resources */ = {isa = PBXBuildFile; fileRef = 8B62A46E2831494600FCDE53 /* Assets.xcassets */; };
/* End PBXBuildFile section */

/* Begin PBXContainerItemProxy section */
		8B62A4812831494600FCDE53 /* PBXContainerItemProxy */ = {
			isa = PBXContainerItemProxy;
			containerPortal = 8B62A4642831494500FCDE53 /* Project object */;
			proxyType = 1;
			remoteGlobalIDString = 8B62A4722831494600FCDE53;
			remoteInfo = "HabitTracker (iOS)";
		};
		8B62A48D2831494600FCDE53 /* PBXContainerItemProxy */ = {
			isa = PBXContainerItemProxy;
			containerPortal = 8B62A4642831494500FCDE53 /* Project object */;
			proxyType = 1;
			remoteGlobalIDString = 8B62A4782831494600FCDE53;
			remoteInfo = "HabitTracker (macOS)";
		};
/* End PBXContainerItemProxy section */

/* Begin PBXFileReference section */
		8B62A46A2831494500FCDE53 /* Shared.xcdatamodel */ = {isa = PBXFileReference; lastKnownFileType = wrapper.xcdatamodel; path = Shared.xcdatamodel; sourceTree = "<group>"; };
		8B62A46B2831494500FCDE53 /* HabitTrackerApp.swift */ = {isa = PBXFileReference; lastKnownFileType = sourcecode.swift; path = HabitTrackerApp.swift; sourceTree = "<group>"; };
		8B62A46C2831494500FCDE53 /* ContentView.swift */ = {isa = PBXFileReference; lastKnownFileType = sourcecode.swift; path = ContentView.swift; sourceTree = "<group>"; };
		8B62A46D2831494500FCDE53 /* Persistence.swift */ = {isa = PBXFileReference; lastKnownFileType = sourcecode.swift; path = Persistence.swift; sourceTree = "<group>"; };
		8B62A46E2831494600FCDE53 /* Assets.xcassets */ = {isa = PBXFileReference; lastKnownFileType = folder.assetcatalog; path = Assets.xcassets; sourceTree = "<group>"; };
		8B62A4732831494600FCDE53 /* HabitTracker.app */ = {isa = PBXFileReference; explicitFileType = wrapper.application; includeInIndex = 0; path = HabitTracker.app; sourceTree = BUILT_PRODUCTS_DIR; };
		8B62A4792831494600FCDE53 /* HabitTracker.app */ = {isa = PBXFileReference; explicitFileType = wrapper.application; includeInIndex = 0; path = HabitTracker.app; sourceTree = BUILT_PRODUCTS_DIR; };
		8B62A47B2831494600FCDE53 /* macOS.entitlements */ = {isa = PBXFileReference; lastKnownFileType = text.plist.entitlements; path = macOS.entitlements; sourceTree = "<group>"; };
		8B62A4802831494600FCDE53 /* Tests iOS.xctest */ = {isa = PBXFileReference; explicitFileType = wrapper.cfbundle; includeInIndex = 0; path = "Tests iOS.xctest"; sourceTree = BUILT_PRODUCTS_DIR; };
		8B62A4842831494600FCDE53 /* Tests_iOS.swift */ = {isa = PBXFileReference; lastKnownFileType = sourcecode.swift; path = Tests_iOS.swift; sourceTree = "<group>"; };
		8B62A4862831494600FCDE53 /* Tests_iOSLaunchTests.swift */ = {isa = PBXFileReference; lastKnownFileType = sourcecode.swift; path = Tests_iOSLaunchTests.swift; sourceTree = "<group>"; };
		8B62A48C2831494600FCDE53 /* Tests macOS.xctest */ = {isa = PBXFileReference; explicitFileType = wrapper.cfbundle; includeInIndex = 0; path = "Tests macOS.xctest"; sourceTree = BUILT_PRODUCTS_DIR; };
		8B62A4902831494600FCDE53 /* Tests_macOS.swift */ = {isa = PBXFileReference; lastKnownFileType = sourcecode.swift; path = Tests_macOS.swift; sourceTree = "<group>"; };
		8B62A4922831494600FCDE53 /* Tests_macOSLaunchTests.swift */ = {isa = PBXFileReference; lastKnownFileType = sourcecode.swift; path = Tests_macOSLaunchTests.swift; sourceTree = "<group>"; };
/* End PBXFileReference section */

/* Begin PBXFrameworksBuildPhase section */
		8B62A4702831494600FCDE53 /* Frameworks */ = {
			isa = PBXFrameworksBuildPhase;
			buildActionMask = 2147483647;
			files = (
			);
			runOnlyForDeploymentPostprocessing = 0;
		};
		8B62A4762831494600FCDE53 /* Frameworks */ = {
			isa = PBXFrameworksBuildPhase;
			buildActionMask = 2147483647;
			files = (
			);
			runOnlyForDeploymentPostprocessing = 0;
		};
		8B62A47D2831494600FCDE53 /* Frameworks */ = {
			isa = PBXFrameworksBuildPhase;
			buildActionMask = 2147483647;
			files = (
			);
			runOnlyForDeploymentPostprocessing = 0;
		};
		8B62A4892831494600FCDE53 /* Frameworks */ = {
			isa = PBXFrameworksBuildPhase;
			buildActionMask = 2147483647;
			files = (
			);
			runOnlyForDeploymentPostprocessing = 0;
		};
/* End PBXFrameworksBuildPhase section */

/* Begin PBXGroup section */
		8B62A4632831494500FCDE53 = {
			isa = PBXGroup;
			children = (
				8B62A4682831494500FCDE53 /* Shared */,
				8B62A47A2831494600FCDE53 /* macOS */,
				8B62A4832831494600FCDE53 /* Tests iOS */,
				8B62A48F2831494600FCDE53 /* Tests macOS */,
				8B62A4742831494600FCDE53 /* Products */,
			);
			sourceTree = "<group>";
		};
		8B62A4682831494500FCDE53 /* Shared */ = {
			isa = PBXGroup;
			children = (
				8B62A46B2831494500FCDE53 /* HabitTrackerApp.swift */,
				8B62A46C2831494500FCDE53 /* ContentView.swift */,
				8B62A46D2831494500FCDE53 /* Persistence.swift */,
				8B62A46E2831494600FCDE53 /* Assets.xcassets */,
				8B62A4692831494500FCDE53 /* HabitTracker.xcdatamodeld */,
			);
			path = Shared;
			sourceTree = "<group>";
		};
		8B62A4742831494600FCDE53 /* Products */ = {
			isa = PBXGroup;
			children = (
				8B62A4732831494600FCDE53 /* HabitTracker.app */,
				8B62A4792831494600FCDE53 /* HabitTracker.app */,
				8B62A4802831494600FCDE53 /* Tests iOS.xctest */,
				8B62A48C2831494600FCDE53 /* Tests macOS.xctest */,
			);
			name = Products;
			sourceTree = "<group>";
		};
		8B62A47A2831494600FCDE53 /* macOS */ = {
			isa = PBXGroup;
			children = (
				8B62A47B2831494600FCDE53 /* macOS.entitlements */,
			);
			path = macOS;
			sourceTree = "<group>";
		};
		8B62A4832831494600FCDE53 /* Tests iOS */ = {
			isa = PBXGroup;
			children = (
				8B62A4842831494600FCDE53 /* Tests_iOS.swift */,
				8B62A4862831494600FCDE53 /* Tests_iOSLaunchTests.swift */,
			);
			path = "Tests iOS";
			sourceTree = "<group>";
		};
		8B62A48F2831494600FCDE53 /* Tests macOS */ = {
			isa = PBXGroup;
			children = (
				8B62A4902831494600FCDE53 /* Tests_macOS.swift */,
				8B62A4922831494600FCDE53 /* Tests_macOSLaunchTests.swift */,
			);
			path = "Tests macOS";
			sourceTree = "<group>";
		};
/* End PBXGroup section */

/* Begin PBXNativeTarget section */
		8B62A4722831494600FCDE53 /* HabitTracker (iOS) */ = {
			isa = PBXNativeTarget;
			buildConfigurationList = 8B62A4A02831494600FCDE53 /* Build configuration list for PBXNativeTarget "HabitTracker (iOS)" */;
			buildPhases = (
				8B62A46F2831494600FCDE53 /* Sources */,
				8B62A4702831494600FCDE53 /* Frameworks */,
				8B62A4712831494600FCDE53 /* Resources */,
			);
			buildRules = (
			);
			dependencies = (
			);
			name = "HabitTracker (iOS)";
			productName = "HabitTracker (iOS)";
			productReference = 8B62A4732831494600FCDE53 /* HabitTracker.app */;
			productType = "com.apple.product-type.application";
		};
		8B62A4782831494600FCDE53 /* HabitTracker (macOS) */ = {
			isa = PBXNativeTarget;
			buildConfigurationList = 8B62A4A32831494600FCDE53 /* Build configuration list for PBXNativeTarget "HabitTracker (macOS)" */;
			buildPhases = (
				8B62A4752831494600FCDE53 /* Sources */,
				8B62A4762831494600FCDE53 /* Frameworks */,
				8B62A4772831494600FCDE53 /* Resources */,
			);
			buildRules = (
			);
			dependencies = (
			);
			name = "HabitTracker (macOS)";
			productName = "HabitTracker (macOS)";
			productReference = 8B62A4792831494600FCDE53 /* HabitTracker.app */;
			productType = "com.apple.product-type.application";
		};
		8B62A47F2831494600FCDE53 /* Tests iOS */ = {
			isa = PBXNativeTarget;
			buildConfigurationList = 8B62A4A62831494600FCDE53 /* Build configuration list for PBXNativeTarget "Tests iOS" */;
			buildPhases = (
				8B62A47C2831494600FCDE53 /* Sources */,
				8B62A47D2831494600FCDE53 /* Frameworks */,
				8B62A47E2831494600FCDE53 /* Resources */,
			);
			buildRules = (
			);
			dependencies = (
				8B62A4822831494600FCDE53 /* PBXTargetDependency */,
			);
			name = "Tests iOS";
			productName = "Tests iOS";
			productReference = 8B62A4802831494600FCDE53 /* Tests iOS.xctest */;
			productType = "com.apple.product-type.bundle.ui-testing";
		};
		8B62A48B2831494600FCDE53 /* Tests macOS */ = {
			isa = PBXNativeTarget;
			buildConfigurationList = 8B62A4A92831494600FCDE53 /* Build configuration list for PBXNativeTarget "Tests macOS" */;
			buildPhases = (
				8B62A4882831494600FCDE53 /* Sources */,
				8B62A4892831494600FCDE53 /* Frameworks */,
				8B62A48A2831494600FCDE53 /* Resources */,
			);
			buildRules = (
			);
			dependencies = (
				8B62A48E2831494600FCDE53 /* PBXTargetDependency */,
			);
			name = "Tests macOS";
			productName = "Tests macOS";
			productReference = 8B62A48C2831494600FCDE53 /* Tests macOS.xctest */;
			productType = "com.apple.product-type.bundle.ui-testing";
		};
/* End PBXNativeTarget section */

/* Begin PBXProject section */
		8B62A4642831494500FCDE53 /* Project object */ = {
			isa = PBXProject;
			attributes = {
				BuildIndependentTargetsInParallel = 1;
				LastSwiftUpdateCheck = 1330;
				LastUpgradeCheck = 1330;
				TargetAttributes = {
					8B62A4722831494600FCDE53 = {
						CreatedOnToolsVersion = 13.3.1;
					};
					8B62A4782831494600FCDE53 = {
						CreatedOnToolsVersion = 13.3.1;
					};
					8B62A47F2831494600FCDE53 = {
						CreatedOnToolsVersion = 13.3.1;
						TestTargetID = 8B62A4722831494600FCDE53;
					};
					8B62A48B2831494600FCDE53 = {
						CreatedOnToolsVersion = 13.3.1;
						TestTargetID = 8B62A4782831494600FCDE53;
					};
				};
			};
			buildConfigurationList = 8B62A4672831494500FCDE53 /* Build configuration list for PBXProject "HabitTracker" */;
			compatibilityVersion = "Xcode 13.0";
			developmentRegion = en;
			hasScannedForEncodings = 0;
			knownRegions = (
				en,
				Base,
			);
			mainGroup = 8B62A4632831494500FCDE53;
			productRefGroup = 8B62A4742831494600FCDE53 /* Products */;
			projectDirPath = "";
			projectRoot = "";
			targets = (
				8B62A4722831494600FCDE53 /* HabitTracker (iOS) */,
				8B62A4782831494600FCDE53 /* HabitTracker (macOS) */,
				8B62A47F2831494600FCDE53 /* Tests iOS */,
				8B62A48B2831494600FCDE53 /* Tests macOS */,
			);
		};
/* End PBXProject section */

/* Begin PBXResourcesBuildPhase section */
		8B62A4712831494600FCDE53 /* Resources */ = {
			isa = PBXResourcesBuildPhase;
			buildActionMask = 2147483647;
			files = (
				8B62A49C2831494600FCDE53 /* Assets.xcassets in Resources */,
			);
			runOnlyForDeploymentPostprocessing = 0;
		};
		8B62A4772831494600FCDE53 /* Resources */ = {
			isa = PBXResourcesBuildPhase;
			buildActionMask = 2147483647;
			files = (
				8B62A49D2831494600FCDE53 /* Assets.xcassets in Resources */,
			);
			runOnlyForDeploymentPostprocessing = 0;
		};
		8B62A47E2831494600FCDE53 /* Resources */ = {
			isa = PBXResourcesBuildPhase;
			buildActionMask = 2147483647;
			files = (
			);
			runOnlyForDeploymentPostprocessing = 0;
		};
		8B62A48A2831494600FCDE53 /* Resources */ = {
			isa = PBXResourcesBuildPhase;
			buildActionMask = 2147483647;
			files = (
			);
			runOnlyForDeploymentPostprocessing = 0;
		};
/* End PBXResourcesBuildPhase section */

/* Begin PBXSourcesBuildPhase section */
		8B62A46F2831494600FCDE53 /* Sources */ = {
			isa = PBXSourcesBuildPhase;
			buildActionMask = 2147483647;
			files = (
				8B62A4942831494600FCDE53 /* HabitTracker.xcdatamodeld in Sources */,
				8B62A49A2831494600FCDE53 /* Persistence.swift in Sources */,
				8B62A4962831494600FCDE53 /* HabitTrackerApp.swift in Sources */,
				8B62A4982831494600FCDE53 /* ContentView.swift in Sources */,
			);
			runOnlyForDeploymentPostprocessing = 0;
		};
		8B62A4752831494600FCDE53 /* Sources */ = {
			isa = PBXSourcesBuildPhase;
			buildActionMask = 2147483647;
			files = (
				8B62A4952831494600FCDE53 /* HabitTracker.xcdatamodeld in Sources */,
				8B62A49B2831494600FCDE53 /* Persistence.swift in Sources */,
				8B62A4972831494600FCDE53 /* HabitTrackerApp.swift in Sources */,
				8B62A4992831494600FCDE53 /* ContentView.swift in Sources */,
			);
			runOnlyForDeploymentPostprocessing = 0;
		};
		8B62A47C2831494600FCDE53 /* Sources */ = {
			isa = PBXSourcesBuildPhase;
			buildActionMask = 2147483647;
			files = (
				8B62A4872831494600FCDE53 /* Tests_iOSLaunchTests.swift in Sources */,
				8B62A4852831494600FCDE53 /* Tests_iOS.swift in Sources */,
			);
			runOnlyForDeploymentPostprocessing = 0;
		};
		8B62A4882831494600FCDE53 /* Sources */ = {
			isa = PBXSourcesBuildPhase;
			buildActionMask = 2147483647;
			files = (
				8B62A4932831494600FCDE53 /* Tests_macOSLaunchTests.swift in Sources */,
				8B62A4912831494600FCDE53 /* Tests_macOS.swift in Sources */,
			);
			runOnlyForDeploymentPostprocessing = 0;
		};
/* End PBXSourcesBuildPhase section */

/* Begin PBXTargetDependency section */
		8B62A4822831494600FCDE53 /* PBXTargetDependency */ = {
			isa = PBXTargetDependency;
			target = 8B62A4722831494600FCDE53 /* HabitTracker (iOS) */;
			targetProxy = 8B62A4812831494600FCDE53 /* PBXContainerItemProxy */;
		};
		8B62A48E2831494600FCDE53 /* PBXTargetDependency */ = {
			isa = PBXTargetDependency;
			target = 8B62A4782831494600FCDE53 /* HabitTracker (macOS) */;
			targetProxy = 8B62A48D2831494600FCDE53 /* PBXContainerItemProxy */;
		};
/* End PBXTargetDependency section */

/* Begin XCBuildConfiguration section */
		8B62A49E2831494600FCDE53 /* Debug */ = {
			isa = XCBuildConfiguration;
			buildSettings = {
				ALWAYS_SEARCH_USER_PATHS = NO;
				CLANG_ANALYZER_NONNULL = YES;
				CLANG_ANALYZER_NUMBER_OBJECT_CONVERSION = YES_AGGRESSIVE;
				CLANG_CXX_LANGUAGE_STANDARD = "gnu++17";
				CLANG_ENABLE_MODULES = YES;
				CLANG_ENABLE_OBJC_ARC = YES;
				CLANG_ENABLE_OBJC_WEAK = YES;
				CLANG_WARN_BLOCK_CAPTURE_AUTORELEASING = YES;
				CLANG_WARN_BOOL_CONVERSION = YES;
				CLANG_WARN_COMMA = YES;
				CLANG_WARN_CONSTANT_CONVERSION = YES;
				CLANG_WARN_DEPRECATED_OBJC_IMPLEMENTATIONS = YES;
				CLANG_WARN_DIRECT_OBJC_ISA_USAGE = YES_ERROR;
				CLANG_WARN_DOCUMENTATION_COMMENTS = YES;
				CLANG_WARN_EMPTY_BODY = YES;
				CLANG_WARN_ENUM_CONVERSION = YES;
				CLANG_WARN_INFINITE_RECURSION = YES;
				CLANG_WARN_INT_CONVERSION = YES;
				CLANG_WARN_NON_LITERAL_NULL_CONVERSION = YES;
				CLANG_WARN_OBJC_IMPLICIT_RETAIN_SELF = YES;
				CLANG_WARN_OBJC_LITERAL_CONVERSION = YES;
				CLANG_WARN_OBJC_ROOT_CLASS = YES_ERROR;
				CLANG_WARN_QUOTED_INCLUDE_IN_FRAMEWORK_HEADER = YES;
				CLANG_WARN_RANGE_LOOP_ANALYSIS = YES;
				CLANG_WARN_STRICT_PROTOTYPES = YES;
				CLANG_WARN_SUSPICIOUS_MOVE = YES;
				CLANG_WARN_UNGUARDED_AVAILABILITY = YES_AGGRESSIVE;
				CLANG_WARN_UNREACHABLE_CODE = YES;
				CLANG_WARN__DUPLICATE_METHOD_MATCH = YES;
				COPY_PHASE_STRIP = NO;
				DEBUG_INFORMATION_FORMAT = dwarf;
				ENABLE_STRICT_OBJC_MSGSEND = YES;
				ENABLE_TESTABILITY = YES;
				GCC_C_LANGUAGE_STANDARD = gnu11;
				GCC_DYNAMIC_NO_PIC = NO;
				GCC_NO_COMMON_BLOCKS = YES;
				GCC_OPTIMIZATION_LEVEL = 0;
				GCC_PREPROCESSOR_DEFINITIONS = (
					"DEBUG=1",
					"$(inherited)",
				);
				GCC_WARN_64_TO_32_BIT_CONVERSION = YES;
				GCC_WARN_ABOUT_RETURN_TYPE = YES_ERROR;
				GCC_WARN_UNDECLARED_SELECTOR = YES;
				GCC_WARN_UNINITIALIZED_AUTOS = YES_AGGRESSIVE;
				GCC_WARN_UNUSED_FUNCTION = YES;
				GCC_WARN_UNUSED_VARIABLE = YES;
				MTL_ENABLE_DEBUG_INFO = INCLUDE_SOURCE;
				MTL_FAST_MATH = YES;
				ONLY_ACTIVE_ARCH = YES;
				SWIFT_ACTIVE_COMPILATION_CONDITIONS = DEBUG;
				SWIFT_OPTIMIZATION_LEVEL = "-Onone";
			};
			name = Debug;
		};
		8B62A49F2831494600FCDE53 /* Release */ = {
			isa = XCBuildConfiguration;
			buildSettings = {
				ALWAYS_SEARCH_USER_PATHS = NO;
				CLANG_ANALYZER_NONNULL = YES;
				CLANG_ANALYZER_NUMBER_OBJECT_CONVERSION = YES_AGGRESSIVE;
				CLANG_CXX_LANGUAGE_STANDARD = "gnu++17";
				CLANG_ENABLE_MODULES = YES;
				CLANG_ENABLE_OBJC_ARC = YES;
				CLANG_ENABLE_OBJC_WEAK = YES;
				CLANG_WARN_BLOCK_CAPTURE_AUTORELEASING = YES;
				CLANG_WARN_BOOL_CONVERSION = YES;
				CLANG_WARN_COMMA = YES;
				CLANG_WARN_CONSTANT_CONVERSION = YES;
				CLANG_WARN_DEPRECATED_OBJC_IMPLEMENTATIONS = YES;
				CLANG_WARN_DIRECT_OBJC_ISA_USAGE = YES_ERROR;
				CLANG_WARN_DOCUMENTATION_COMMENTS = YES;
				CLANG_WARN_EMPTY_BODY = YES;
				CLANG_WARN_ENUM_CONVERSION = YES;
				CLANG_WARN_INFINITE_RECURSION = YES;
				CLANG_WARN_INT_CONVERSION = YES;
				CLANG_WARN_NON_LITERAL_NULL_CONVERSION = YES;
				CLANG_WARN_OBJC_IMPLICIT_RETAIN_SELF = YES;
				CLANG_WARN_OBJC_LITERAL_CONVERSION = YES;
				CLANG_WARN_OBJC_ROOT_CLASS = YES_ERROR;
				CLANG_WARN_QUOTED_INCLUDE_IN_FRAMEWORK_HEADER = YES;
				CLANG_WARN_RANGE_LOOP_ANALYSIS = YES;
				CLANG_WARN_STRICT_PROTOTYPES = YES;
				CLANG_WARN_SUSPICIOUS_MOVE = YES;
				CLANG_WARN_UNGUARDED_AVAILABILITY = YES_AGGRESSIVE;
				CLANG_WARN_UNREACHABLE_CODE = YES;
				CLANG_WARN__DUPLICATE_METHOD_MATCH = YES;
				COPY_PHASE_STRIP = NO;
				DEBUG_INFORMATION_FORMAT = "dwarf-with-dsym";
				ENABLE_NS_ASSERTIONS = NO;
				ENABLE_STRICT_OBJC_MSGSEND = YES;
				GCC_C_LANGUAGE_STANDARD = gnu11;
				GCC_NO_COMMON_BLOCKS = YES;
				GCC_WARN_64_TO_32_BIT_CONVERSION = YES;
				GCC_WARN_ABOUT_RETURN_TYPE = YES_ERROR;
				GCC_WARN_UNDECLARED_SELECTOR = YES;
				GCC_WARN_UNINITIALIZED_AUTOS = YES_AGGRESSIVE;
				GCC_WARN_UNUSED_FUNCTION = YES;
				GCC_WARN_UNUSED_VARIABLE = YES;
				MTL_ENABLE_DEBUG_INFO = NO;
				MTL_FAST_MATH = YES;
				SWIFT_COMPILATION_MODE = wholemodule;
				SWIFT_OPTIMIZATION_LEVEL = "-O";
			};
			name = Release;
		};
		8B62A4A12831494600FCDE53 /* Debug */ = {
			isa = XCBuildConfiguration;
			buildSettings = {
				ASSETCATALOG_COMPILER_APPICON_NAME = AppIcon;
				ASSETCATALOG_COMPILER_GLOBAL_ACCENT_COLOR_NAME = AccentColor;
				CODE_SIGN_STYLE = Automatic;
				CURRENT_PROJECT_VERSION = 1;
				DEVELOPMENT_TEAM = WBW8CNKU89;
				ENABLE_PREVIEWS = YES;
				GENERATE_INFOPLIST_FILE = YES;
				INFOPLIST_KEY_UIApplicationSceneManifest_Generation = YES;
				INFOPLIST_KEY_UIApplicationSupportsIndirectInputEvents = YES;
				INFOPLIST_KEY_UILaunchScreen_Generation = YES;
				INFOPLIST_KEY_UISupportedInterfaceOrientations_iPad = "UIInterfaceOrientationPortrait UIInterfaceOrientationPortraitUpsideDown UIInterfaceOrientationLandscapeLeft UIInterfaceOrientationLandscapeRight";
				INFOPLIST_KEY_UISupportedInterfaceOrientations_iPhone = "UIInterfaceOrientationPortrait UIInterfaceOrientationLandscapeLeft UIInterfaceOrientationLandscapeRight";
				IPHONEOS_DEPLOYMENT_TARGET = 15.4;
				LD_RUNPATH_SEARCH_PATHS = (
					"$(inherited)",
					"@executable_path/Frameworks",
				);
				MARKETING_VERSION = 1.0;
				PRODUCT_BUNDLE_IDENTIFIER = com.aganov.HabitTracker;
				PRODUCT_NAME = HabitTracker;
				SDKROOT = iphoneos;
				SWIFT_EMIT_LOC_STRINGS = YES;
				SWIFT_VERSION = 5.0;
				TARGETED_DEVICE_FAMILY = "1,2";
			};
			name = Debug;
		};
		8B62A4A22831494600FCDE53 /* Release */ = {
			isa = XCBuildConfiguration;
			buildSettings = {
				ASSETCATALOG_COMPILER_APPICON_NAME = AppIcon;
				ASSETCATALOG_COMPILER_GLOBAL_ACCENT_COLOR_NAME = AccentColor;
				CODE_SIGN_STYLE = Automatic;
				CURRENT_PROJECT_VERSION = 1;
				DEVELOPMENT_TEAM = WBW8CNKU89;
				ENABLE_PREVIEWS = YES;
				GENERATE_INFOPLIST_FILE = YES;
				INFOPLIST_KEY_UIApplicationSceneManifest_Generation = YES;
				INFOPLIST_KEY_UIApplicationSupportsIndirectInputEvents = YES;
				INFOPLIST_KEY_UILaunchScreen_Generation = YES;
				INFOPLIST_KEY_UISupportedInterfaceOrientations_iPad = "UIInterfaceOrientationPortrait UIInterfaceOrientationPortraitUpsideDown UIInterfaceOrientationLandscapeLeft UIInterfaceOrientationLandscapeRight";
				INFOPLIST_KEY_UISupportedInterfaceOrientations_iPhone = "UIInterfaceOrientationPortrait UIInterfaceOrientationLandscapeLeft UIInterfaceOrientationLandscapeRight";
				IPHONEOS_DEPLOYMENT_TARGET = 15.4;
				LD_RUNPATH_SEARCH_PATHS = (
					"$(inherited)",
					"@executable_path/Frameworks",
				);
				MARKETING_VERSION = 1.0;
				PRODUCT_BUNDLE_IDENTIFIER = com.aganov.HabitTracker;
				PRODUCT_NAME = HabitTracker;
				SDKROOT = iphoneos;
				SWIFT_EMIT_LOC_STRINGS = YES;
				SWIFT_VERSION = 5.0;
				TARGETED_DEVICE_FAMILY = "1,2";
				VALIDATE_PRODUCT = YES;
			};
			name = Release;
		};
		8B62A4A42831494600FCDE53 /* Debug */ = {
			isa = XCBuildConfiguration;
			buildSettings = {
				ASSETCATALOG_COMPILER_APPICON_NAME = AppIcon;
				ASSETCATALOG_COMPILER_GLOBAL_ACCENT_COLOR_NAME = AccentColor;
				CODE_SIGN_ENTITLEMENTS = macOS/macOS.entitlements;
				CODE_SIGN_STYLE = Automatic;
				COMBINE_HIDPI_IMAGES = YES;
				CURRENT_PROJECT_VERSION = 1;
				DEVELOPMENT_TEAM = WBW8CNKU89;
				ENABLE_HARDENED_RUNTIME = YES;
				ENABLE_PREVIEWS = YES;
				GENERATE_INFOPLIST_FILE = YES;
				INFOPLIST_KEY_NSHumanReadableCopyright = "";
				LD_RUNPATH_SEARCH_PATHS = (
					"$(inherited)",
					"@executable_path/../Frameworks",
				);
				MACOSX_DEPLOYMENT_TARGET = 12.3;
				MARKETING_VERSION = 1.0;
				PRODUCT_BUNDLE_IDENTIFIER = com.aganov.HabitTracker;
				PRODUCT_NAME = HabitTracker;
				SDKROOT = macosx;
				SWIFT_EMIT_LOC_STRINGS = YES;
				SWIFT_VERSION = 5.0;
			};
			name = Debug;
		};
		8B62A4A52831494600FCDE53 /* Release */ = {
			isa = XCBuildConfiguration;
			buildSettings = {
				ASSETCATALOG_COMPILER_APPICON_NAME = AppIcon;
				ASSETCATALOG_COMPILER_GLOBAL_ACCENT_COLOR_NAME = AccentColor;
				CODE_SIGN_ENTITLEMENTS = macOS/macOS.entitlements;
				CODE_SIGN_STYLE = Automatic;
				COMBINE_HIDPI_IMAGES = YES;
				CURRENT_PROJECT_VERSION = 1;
				DEVELOPMENT_TEAM = WBW8CNKU89;
				ENABLE_HARDENED_RUNTIME = YES;
				ENABLE_PREVIEWS = YES;
				GENERATE_INFOPLIST_FILE = YES;
				INFOPLIST_KEY_NSHumanReadableCopyright = "";
				LD_RUNPATH_SEARCH_PATHS = (
					"$(inherited)",
					"@executable_path/../Frameworks",
				);
				MACOSX_DEPLOYMENT_TARGET = 12.3;
				MARKETING_VERSION = 1.0;
				PRODUCT_BUNDLE_IDENTIFIER = com.aganov.HabitTracker;
				PRODUCT_NAME = HabitTracker;
				SDKROOT = macosx;
				SWIFT_EMIT_LOC_STRINGS = YES;
				SWIFT_VERSION = 5.0;
			};
			name = Release;
		};
		8B62A4A72831494600FCDE53 /* Debug */ = {
			isa = XCBuildConfiguration;
			buildSettings = {
				ALWAYS_EMBED_SWIFT_STANDARD_LIBRARIES = YES;
				CODE_SIGN_STYLE = Automatic;
				CURRENT_PROJECT_VERSION = 1;
				DEVELOPMENT_TEAM = WBW8CNKU89;
				GENERATE_INFOPLIST_FILE = YES;
				IPHONEOS_DEPLOYMENT_TARGET = 15.4;
				MARKETING_VERSION = 1.0;
				PRODUCT_BUNDLE_IDENTIFIER = "com.aganov.Tests-iOS";
				PRODUCT_NAME = "$(TARGET_NAME)";
				SDKROOT = iphoneos;
				SWIFT_EMIT_LOC_STRINGS = NO;
				SWIFT_VERSION = 5.0;
				TARGETED_DEVICE_FAMILY = "1,2";
				TEST_TARGET_NAME = "HabitTracker (iOS)";
			};
			name = Debug;
		};
		8B62A4A82831494600FCDE53 /* Release */ = {
			isa = XCBuildConfiguration;
			buildSettings = {
				ALWAYS_EMBED_SWIFT_STANDARD_LIBRARIES = YES;
				CODE_SIGN_STYLE = Automatic;
				CURRENT_PROJECT_VERSION = 1;
				DEVELOPMENT_TEAM = WBW8CNKU89;
				GENERATE_INFOPLIST_FILE = YES;
				IPHONEOS_DEPLOYMENT_TARGET = 15.4;
				MARKETING_VERSION = 1.0;
				PRODUCT_BUNDLE_IDENTIFIER = "com.aganov.Tests-iOS";
				PRODUCT_NAME = "$(TARGET_NAME)";
				SDKROOT = iphoneos;
				SWIFT_EMIT_LOC_STRINGS = NO;
				SWIFT_VERSION = 5.0;
				TARGETED_DEVICE_FAMILY = "1,2";
				TEST_TARGET_NAME = "HabitTracker (iOS)";
				VALIDATE_PRODUCT = YES;
			};
			name = Release;
		};
		8B62A4AA2831494600FCDE53 /* Debug */ = {
			isa = XCBuildConfiguration;
			buildSettings = {
				ALWAYS_EMBED_SWIFT_STANDARD_LIBRARIES = YES;
				CODE_SIGN_STYLE = Automatic;
				CURRENT_PROJECT_VERSION = 1;
				DEVELOPMENT_TEAM = WBW8CNKU89;
				GENERATE_INFOPLIST_FILE = YES;
				MACOSX_DEPLOYMENT_TARGET = 12.3;
				MARKETING_VERSION = 1.0;
				PRODUCT_BUNDLE_IDENTIFIER = "com.aganov.Tests-macOS";
				PRODUCT_NAME = "$(TARGET_NAME)";
				SDKROOT = macosx;
				SWIFT_EMIT_LOC_STRINGS = NO;
				SWIFT_VERSION = 5.0;
				TEST_TARGET_NAME = "HabitTracker (macOS)";
			};
			name = Debug;
		};
		8B62A4AB2831494600FCDE53 /* Release */ = {
			isa = XCBuildConfiguration;
			buildSettings = {
				ALWAYS_EMBED_SWIFT_STANDARD_LIBRARIES = YES;
				CODE_SIGN_STYLE = Automatic;
				CURRENT_PROJECT_VERSION = 1;
				DEVELOPMENT_TEAM = WBW8CNKU89;
				GENERATE_INFOPLIST_FILE = YES;
				MACOSX_DEPLOYMENT_TARGET = 12.3;
				MARKETING_VERSION = 1.0;
				PRODUCT_BUNDLE_IDENTIFIER = "com.aganov.Tests-macOS";
				PRODUCT_NAME = "$(TARGET_NAME)";
				SDKROOT = macosx;
				SWIFT_EMIT_LOC_STRINGS = NO;
				SWIFT_VERSION = 5.0;
				TEST_TARGET_NAME = "HabitTracker (macOS)";
			};
			name = Release;
		};
/* End XCBuildConfiguration section */

/* Begin XCConfigurationList section */
		8B62A4672831494500FCDE53 /* Build configuration list for PBXProject "HabitTracker" */ = {
			isa = XCConfigurationList;
			buildConfigurations = (
				8B62A49E2831494600FCDE53 /* Debug */,
				8B62A49F2831494600FCDE53 /* Release */,
			);
			defaultConfigurationIsVisible = 0;
			defaultConfigurationName = Release;
		};
		8B62A4A02831494600FCDE53 /* Build configuration list for PBXNativeTarget "HabitTracker (iOS)" */ = {
			isa = XCConfigurationList;
			buildConfigurations = (
				8B62A4A12831494600FCDE53 /* Debug */,
				8B62A4A22831494600FCDE53 /* Release */,
			);
			defaultConfigurationIsVisible = 0;
			defaultConfigurationName = Release;
		};
		8B62A4A32831494600FCDE53 /* Build configuration list for PBXNativeTarget "HabitTracker (macOS)" */ = {
			isa = XCConfigurationList;
			buildConfigurations = (
				8B62A4A42831494600FCDE53 /* Debug */,
				8B62A4A52831494600FCDE53 /* Release */,
			);
			defaultConfigurationIsVisible = 0;
			defaultConfigurationName = Release;
		};
		8B62A4A62831494600FCDE53 /* Build configuration list for PBXNativeTarget "Tests iOS" */ = {
			isa = XCConfigurationList;
			buildConfigurations = (
				8B62A4A72831494600FCDE53 /* Debug */,
				8B62A4A82831494600FCDE53 /* Release */,
			);
			defaultConfigurationIsVisible = 0;
			defaultConfigurationName = Release;
		};
		8B62A4A92831494600FCDE53 /* Build configuration list for PBXNativeTarget "Tests macOS" */ = {
			isa = XCConfigurationList;
			buildConfigurations = (
				8B62A4AA2831494600FCDE53 /* Debug */,
				8B62A4AB2831494600FCDE53 /* Release */,
			);
			defaultConfigurationIsVisible = 0;
			defaultConfigurationName = Release;
		};
/* End XCConfigurationList section */

/* Begin XCVersionGroup section */
		8B62A4692831494500FCDE53 /* HabitTracker.xcdatamodeld */ = {
			isa = XCVersionGroup;
			children = (
				8B62A46A2831494500FCDE53 /* Shared.xcdatamodel */,
			);
			currentVersion = 8B62A46A2831494500FCDE53 /* Shared.xcdatamodel */;
			path = HabitTracker.xcdatamodeld;
			sourceTree = "<group>";
			versionGroupType = wrapper.xcdatamodel;
		};
/* End XCVersionGroup section */
	};
	rootObject = 8B62A4642831494500FCDE53 /* Project object */;
}
